
Microsoft Visual Studio Solution File, Format Version 12.00
# Visual Studio Version 16
VisualStudioVersion = 16.0.29123.88
MinimumVisualStudioVersion = 10.0.40219.1
Project("{FAE04EC0-301F-11D3-BF4B-00C04F79EFBC}") = "FeedMeasureData", "FeedMeasureData\FeedMeasureData.csproj", "{804D3F98-DACC-4E8D-B819-0ADE0484831B}"
EndProject
Global
	GlobalSection(SolutionConfigurationPlatforms) = preSolution
		Debug|Any CPU = Debug|Any CPU
		Release|Any CPU = Release|Any CPU
	EndGlobalSection
	GlobalSection(ProjectConfigurationPlatforms) = postSolution
		{804D3F98-DACC-4E8D-B819-0ADE0484831B}.Debug|Any CPU.ActiveCfg = Debug|Any CPU
		{804D3F98-DACC-4E8D-B819-0ADE0484831B}.Debug|Any CPU.Build.0 = Debug|Any CPU
		{804D3F98-DACC-4E8D-B819-0ADE0484831B}.Release|Any CPU.ActiveCfg = Release|Any CPU
		{804D3F98-DACC-4E8D-B819-0ADE0484831B}.Release|Any CPU.Build.0 = Release|Any CPU
	EndGlobalSection
	GlobalSection(SolutionProperties) = preSolution
		HideSolutionNode = FALSE
	EndGlobalSection
	GlobalSection(ExtensibilityGlobals) = postSolution
		SolutionGuid = {5A2C9E91-35E8-4EB5-8246-B5E410D73DCB}
	EndGlobalSection
EndGlobal
