
Microsoft Visual Studio Solution File, Format Version 12.00
# Visual Studio Version 16
VisualStudioVersion = 16.0.29123.88
MinimumVisualStudioVersion = 10.0.40219.1
Project("{FAE04EC0-301F-11D3-BF4B-00C04F79EFBC}") = "Test1DataImport", "Test1DataImport\Test1DataImport.csproj", "{AF89561A-5416-46DF-B3EA-155959F6A200}"
EndProject
Global
	GlobalSection(SolutionConfigurationPlatforms) = preSolution
		Debug|Any CPU = Debug|Any CPU
		Release|Any CPU = Release|Any CPU
	EndGlobalSection
	GlobalSection(ProjectConfigurationPlatforms) = postSolution
		{AF89561A-5416-46DF-B3EA-155959F6A200}.Debug|Any CPU.ActiveCfg = Debug|Any CPU
		{AF89561A-5416-46DF-B3EA-155959F6A200}.Debug|Any CPU.Build.0 = Debug|Any CPU
		{AF89561A-5416-46DF-B3EA-155959F6A200}.Release|Any CPU.ActiveCfg = Release|Any CPU
		{AF89561A-5416-46DF-B3EA-155959F6A200}.Release|Any CPU.Build.0 = Release|Any CPU
	EndGlobalSection
	GlobalSection(SolutionProperties) = preSolution
		HideSolutionNode = FALSE
	EndGlobalSection
	GlobalSection(ExtensibilityGlobals) = postSolution
		SolutionGuid = {CCC83246-2829-431C-AB8B-3C3893D7783A}
	EndGlobalSection
EndGlobal
